
Microsoft Visual Studio Solution File, Format Version 12.00
# Visual Studio Version 17
VisualStudioVersion = 17.2.32616.157
MinimumVisualStudioVersion = 10.0.40219.1
Project("{FAE04EC0-301F-11D3-BF4B-00C04F79EFBC}") = "RazorCore", "RazorCore.csproj", "{C5F2A67F-8059-4600-B191-03A8A1DB1B10}"
EndProject
Global
	GlobalSection(SolutionConfigurationPlatforms) = preSolution
		Debug|Any CPU = Debug|Any CPU
		Release|Any CPU = Release|Any CPU
	EndGlobalSection
	GlobalSection(ProjectConfigurationPlatforms) = postSolution
		{C5F2A67F-8059-4600-B191-03A8A1DB1B10}.Debug|Any CPU.ActiveCfg = Debug|Any CPU
		{C5F2A67F-8059-4600-B191-03A8A1DB1B10}.Debug|Any CPU.Build.0 = Debug|Any CPU
		{C5F2A67F-8059-4600-B191-03A8A1DB1B10}.Release|Any CPU.ActiveCfg = Release|Any CPU
		{C5F2A67F-8059-4600-B191-03A8A1DB1B10}.Release|Any CPU.Build.0 = Release|Any CPU
	EndGlobalSection
	GlobalSection(SolutionProperties) = preSolution
		HideSolutionNode = FALSE
	EndGlobalSection
	GlobalSection(ExtensibilityGlobals) = postSolution
		SolutionGuid = {14309BEB-8F94-4435-A72E-4C1663224ACB}
	EndGlobalSection
EndGlobal
